
Microsoft Visual Studio Solution File, Format Version 12.00
# Visual Studio 15
VisualStudioVersion = 15.0.27130.2024
MinimumVisualStudioVersion = 10.0.40219.1
Project("{E24C65DC-7377-472B-9ABA-BC803B73C61A}") = "SignalRHub", "SignalRHub\", "{D8CE3BDA-643B-4467-BD20-8726301A2ED1}"
	ProjectSection(WebsiteProperties) = preProject
		TargetFrameworkMoniker = ".NETFramework,Version%3Dv4.5"
		Debug.AspNetCompiler.VirtualPath = "/localhost_53003"
		Debug.AspNetCompiler.PhysicalPath = "SignalRHub\"
		Debug.AspNetCompiler.TargetPath = "PrecompiledWeb\localhost_53003\"
		Debug.AspNetCompiler.Updateable = "true"
		Debug.AspNetCompiler.ForceOverwrite = "true"
		Debug.AspNetCompiler.FixedNames = "false"
		Debug.AspNetCompiler.Debug = "True"
		Release.AspNetCompiler.VirtualPath = "/localhost_53003"
		Release.AspNetCompiler.PhysicalPath = "SignalRHub\"
		Release.AspNetCompiler.TargetPath = "PrecompiledWeb\localhost_53003\"
		Release.AspNetCompiler.Updateable = "true"
		Release.AspNetCompiler.ForceOverwrite = "true"
		Release.AspNetCompiler.FixedNames = "false"
		Release.AspNetCompiler.Debug = "False"
		VWDPort = "53003"
		SlnRelativePath = "SignalRHub\"
		DefaultWebSiteLanguage = "Visual C#"
	EndProjectSection
EndProject
Global
	GlobalSection(SolutionConfigurationPlatforms) = preSolution
		Debug|Any CPU = Debug|Any CPU
	EndGlobalSection
	GlobalSection(ProjectConfigurationPlatforms) = postSolution
		{D8CE3BDA-643B-4467-BD20-8726301A2ED1}.Debug|Any CPU.ActiveCfg = Debug|Any CPU
		{D8CE3BDA-643B-4467-BD20-8726301A2ED1}.Debug|Any CPU.Build.0 = Debug|Any CPU
	EndGlobalSection
	GlobalSection(SolutionProperties) = preSolution
		HideSolutionNode = FALSE
	EndGlobalSection
	GlobalSection(ExtensibilityGlobals) = postSolution
		SolutionGuid = {A1753CD5-474A-405D-96F0-D4DF06FCF655}
	EndGlobalSection
EndGlobal
